
Microsoft Visual Studio Solution File, Format Version 12.00
# Visual Studio Version 17
VisualStudioVersion = 17.14.36212.18 d17.14
MinimumVisualStudioVersion = 10.0.40219.1
Project("{8BC9CEB8-8B4A-11D0-8D11-00A0C91BC942}") = "maprev", "maprev.vcxproj", "{0F3E82B7-39CF-4D74-98EA-9A2D434F417F}"
EndProject
Global
	GlobalSection(SolutionConfigurationPlatforms) = preSolution
		Debug|x64 = Debug|x64
		Debug|x86 = Debug|x86
		Release|x64 = Release|x64
		Release|x86 = Release|x86
	EndGlobalSection
	GlobalSection(ProjectConfigurationPlatforms) = postSolution
		{0F3E82B7-39CF-4D74-98EA-9A2D434F417F}.Debug|x64.ActiveCfg = Debug|x64
		{0F3E82B7-39CF-4D74-98EA-9A2D434F417F}.Debug|x64.Build.0 = Debug|x64
		{0F3E82B7-39CF-4D74-98EA-9A2D434F417F}.Debug|x86.ActiveCfg = Debug|Win32
		{0F3E82B7-39CF-4D74-98EA-9A2D434F417F}.Debug|x86.Build.0 = Debug|Win32
		{0F3E82B7-39CF-4D74-98EA-9A2D434F417F}.Release|x64.ActiveCfg = Release|x64
		{0F3E82B7-39CF-4D74-98EA-9A2D434F417F}.Release|x64.Build.0 = Release|x64
		{0F3E82B7-39CF-4D74-98EA-9A2D434F417F}.Release|x86.ActiveCfg = Release|Win32
		{0F3E82B7-39CF-4D74-98EA-9A2D434F417F}.Release|x86.Build.0 = Release|Win32
	EndGlobalSection
	GlobalSection(SolutionProperties) = preSolution
		HideSolutionNode = FALSE
	EndGlobalSection
	GlobalSection(ExtensibilityGlobals) = postSolution
		SolutionGuid = {B469242E-2118-475C-AED9-092199A1948F}
	EndGlobalSection
EndGlobal
